// !$*UTF8*$!
{
	archiveVersion = 1;
	classes = {
	};
	objectVersion = 50;
	objects = {

/* Begin PBXBuildFile section */
		4FDA64CD25810A45009528F2 /* AppDelegate.swift in Sources */ = {isa = PBXBuildFile; fileRef = 4FDA64CC25810A45009528F2 /* AppDelegate.swift */; };
		4FDA64CF25810A45009528F2 /* SceneDelegate.swift in Sources */ = {isa = PBXBuildFile; fileRef = 4FDA64CE25810A45009528F2 /* SceneDelegate.swift */; };
		4FDA64D125810A45009528F2 /* ViewController.swift in Sources */ = {isa = PBXBuildFile; fileRef = 4FDA64D025810A45009528F2 /* ViewController.swift */; };
		4FDA64D425810A45009528F2 /* Main.storyboard in Resources */ = {isa = PBXBuildFile; fileRef = 4FDA64D225810A45009528F2 /* Main.storyboard */; };
		4FDA64D625810A4E009528F2 /* Assets.xcassets in Resources */ = {isa = PBXBuildFile; fileRef = 4FDA64D525810A4E009528F2 /* Assets.xcassets */; };
		4FDA64D925810A4E009528F2 /* LaunchScreen.storyboard in Resources */ = {isa = PBXBuildFile; fileRef = 4FDA64D725810A4E009528F2 /* LaunchScreen.storyboard */; };
		4FDA64E425810A4E009528F2 /* TestTests.swift in Sources */ = {isa = PBXBuildFile; fileRef = 4FDA64E325810A4E009528F2 /* TestTests.swift */; };
		4FDA64EF25810A4E009528F2 /* TestUITests.swift in Sources */ = {isa = PBXBuildFile; fileRef = 4FDA64EE25810A4E009528F2 /* TestUITests.swift */; };
/* End PBXBuildFile section */

/* Begin PBXContainerItemProxy section */
		4FDA64E025810A4E009528F2 /* PBXContainerItemProxy */ = {
			isa = PBXContainerItemProxy;
			containerPortal = 4FDA64C125810A45009528F2 /* Project object */;
			proxyType = 1;
			remoteGlobalIDString = 4FDA64C825810A45009528F2;
			remoteInfo = Test;
		};
		4FDA64EB25810A4E009528F2 /* PBXContainerItemProxy */ = {
			isa = PBXContainerItemProxy;
			containerPortal = 4FDA64C125810A45009528F2 /* Project object */;
			proxyType = 1;
			remoteGlobalIDString = 4FDA64C825810A45009528F2;
			remoteInfo = Test;
		};
/* End PBXContainerItemProxy section */

/* Begin PBXFileReference section */
		4FDA64C925810A45009528F2 /* TSCoreKit.app */ = {isa = PBXFileReference; explicitFileType = wrapper.application; includeInIndex = 0; path = TSCoreKit.app; sourceTree = BUILT_PRODUCTS_DIR; };
		4FDA64CC25810A45009528F2 /* AppDelegate.swift */ = {isa = PBXFileReference; lastKnownFileType = sourcecode.swift; path = AppDelegate.swift; sourceTree = "<group>"; };
		4FDA64CE25810A45009528F2 /* SceneDelegate.swift */ = {isa = PBXFileReference; lastKnownFileType = sourcecode.swift; path = SceneDelegate.swift; sourceTree = "<group>"; };
		4FDA64D025810A45009528F2 /* ViewController.swift */ = {isa = PBXFileReference; lastKnownFileType = sourcecode.swift; path = ViewController.swift; sourceTree = "<group>"; };
		4FDA64D325810A45009528F2 /* Base */ = {isa = PBXFileReference; lastKnownFileType = file.storyboard; name = Base; path = Base.lproj/Main.storyboard; sourceTree = "<group>"; };
		4FDA64D525810A4E009528F2 /* Assets.xcassets */ = {isa = PBXFileReference; lastKnownFileType = folder.assetcatalog; path = Assets.xcassets; sourceTree = "<group>"; };
		4FDA64D825810A4E009528F2 /* Base */ = {isa = PBXFileReference; lastKnownFileType = file.storyboard; name = Base; path = Base.lproj/LaunchScreen.storyboard; sourceTree = "<group>"; };
		4FDA64DA25810A4E009528F2 /* Info.plist */ = {isa = PBXFileReference; lastKnownFileType = text.plist.xml; path = Info.plist; sourceTree = "<group>"; };
		4FDA64DF25810A4E009528F2 /* TSCoreKitTSCoreKits.xctest */ = {isa = PBXFileReference; explicitFileType = wrapper.cfbundle; includeInIndex = 0; path = TSCoreKitTSCoreKits.xctest; sourceTree = BUILT_PRODUCTS_DIR; };
		4FDA64E325810A4E009528F2 /* TestTests.swift */ = {isa = PBXFileReference; lastKnownFileType = sourcecode.swift; path = TestTests.swift; sourceTree = "<group>"; };
		4FDA64E525810A4E009528F2 /* Info.plist */ = {isa = PBXFileReference; lastKnownFileType = text.plist.xml; path = Info.plist; sourceTree = "<group>"; };
		4FDA64EA25810A4E009528F2 /* TSCoreKitUITSCoreKits.xctest */ = {isa = PBXFileReference; explicitFileType = wrapper.cfbundle; includeInIndex = 0; path = TSCoreKitUITSCoreKits.xctest; sourceTree = BUILT_PRODUCTS_DIR; };
		4FDA64EE25810A4E009528F2 /* TestUITests.swift */ = {isa = PBXFileReference; lastKnownFileType = sourcecode.swift; path = TestUITests.swift; sourceTree = "<group>"; };
		4FDA64F025810A4E009528F2 /* Info.plist */ = {isa = PBXFileReference; lastKnownFileType = text.plist.xml; path = Info.plist; sourceTree = "<group>"; };
/* End PBXFileReference section */

/* Begin PBXFrameworksBuildPhase section */
		4FDA64C625810A45009528F2 /* Frameworks */ = {
			isa = PBXFrameworksBuildPhase;
			buildActionMask = 2147483647;
			files = (
			);
			runOnlyForDeploymentPostprocessing = 0;
		};
		4FDA64DC25810A4E009528F2 /* Frameworks */ = {
			isa = PBXFrameworksBuildPhase;
			buildActionMask = 2147483647;
			files = (
			);
			runOnlyForDeploymentPostprocessing = 0;
		};
		4FDA64E725810A4E009528F2 /* Frameworks */ = {
			isa = PBXFrameworksBuildPhase;
			buildActionMask = 2147483647;
			files = (
			);
			runOnlyForDeploymentPostprocessing = 0;
		};
/* End PBXFrameworksBuildPhase section */

/* Begin PBXGroup section */
		4FDA64C025810A45009528F2 = {
			isa = PBXGroup;
			children = (
				4FDA64CB25810A45009528F2 /* TSCoreKit */,
				4FDA64E225810A4E009528F2 /* TestTests */,
				4FDA64ED25810A4E009528F2 /* TestUITests */,
				4FDA64CA25810A45009528F2 /* Products */,
			);
			sourceTree = "<group>";
		};
		4FDA64CA25810A45009528F2 /* Products */ = {
			isa = PBXGroup;
			children = (
				4FDA64C925810A45009528F2 /* TSCoreKit.app */,
				4FDA64DF25810A4E009528F2 /* TSCoreKitTSCoreKits.xctest */,
				4FDA64EA25810A4E009528F2 /* TSCoreKitUITSCoreKits.xctest */,
			);
			name = Products;
			sourceTree = "<group>";
		};
		4FDA64CB25810A45009528F2 /* TSCoreKit */ = {
			isa = PBXGroup;
			children = (
				4FDA64CC25810A45009528F2 /* AppDelegate.swift */,
				4FDA64CE25810A45009528F2 /* SceneDelegate.swift */,
				4FDA64D025810A45009528F2 /* ViewController.swift */,
				4FDA64D225810A45009528F2 /* Main.storyboard */,
				4FDA64D525810A4E009528F2 /* Assets.xcassets */,
				4FDA64D725810A4E009528F2 /* LaunchScreen.storyboard */,
				4FDA64DA25810A4E009528F2 /* Info.plist */,
			);
			path = TSCoreKit;
			sourceTree = "<group>";
		};
		4FDA64E225810A4E009528F2 /* TestTests */ = {
			isa = PBXGroup;
			children = (
				4FDA64E325810A4E009528F2 /* TestTests.swift */,
				4FDA64E525810A4E009528F2 /* Info.plist */,
			);
			path = TestTests;
			sourceTree = "<group>";
		};
		4FDA64ED25810A4E009528F2 /* TestUITests */ = {
			isa = PBXGroup;
			children = (
				4FDA64EE25810A4E009528F2 /* TestUITests.swift */,
				4FDA64F025810A4E009528F2 /* Info.plist */,
			);
			path = TestUITests;
			sourceTree = "<group>";
		};
/* End PBXGroup section */

/* Begin PBXNativeTarget section */
		4FDA64C825810A45009528F2 /* TSCoreKit */ = {
			isa = PBXNativeTarget;
			buildConfigurationList = 4FDA64F325810A4E009528F2 /* Build configuration list for PBXNativeTarget "TSCoreKit" */;
			buildPhases = (
				4FDA64C525810A45009528F2 /* Sources */,
				4FDA64C625810A45009528F2 /* Frameworks */,
				4FDA64C725810A45009528F2 /* Resources */,
			);
			buildRules = (
			);
			dependencies = (
			);
			name = TSCoreKit;
			productName = Test;
			productReference = 4FDA64C925810A45009528F2 /* TSCoreKit.app */;
			productType = "com.apple.product-type.application";
		};
		4FDA64DE25810A4E009528F2 /* TSCoreKitTSCoreKits */ = {
			isa = PBXNativeTarget;
			buildConfigurationList = 4FDA64F625810A4E009528F2 /* Build configuration list for PBXNativeTarget "TSCoreKitTSCoreKits" */;
			buildPhases = (
				4FDA64DB25810A4E009528F2 /* Sources */,
				4FDA64DC25810A4E009528F2 /* Frameworks */,
				4FDA64DD25810A4E009528F2 /* Resources */,
			);
			buildRules = (
			);
			dependencies = (
				4FDA64E125810A4E009528F2 /* PBXTargetDependency */,
			);
			name = TSCoreKitTSCoreKits;
			productName = TestTests;
			productReference = 4FDA64DF25810A4E009528F2 /* TSCoreKitTSCoreKits.xctest */;
			productType = "com.apple.product-type.bundle.unit-test";
		};
		4FDA64E925810A4E009528F2 /* TSCoreKitUITSCoreKits */ = {
			isa = PBXNativeTarget;
			buildConfigurationList = 4FDA64F925810A4E009528F2 /* Build configuration list for PBXNativeTarget "TSCoreKitUITSCoreKits" */;
			buildPhases = (
				4FDA64E625810A4E009528F2 /* Sources */,
				4FDA64E725810A4E009528F2 /* Frameworks */,
				4FDA64E825810A4E009528F2 /* Resources */,
			);
			buildRules = (
			);
			dependencies = (
				4FDA64EC25810A4E009528F2 /* PBXTargetDependency */,
			);
			name = TSCoreKitUITSCoreKits;
			productName = TestUITests;
			productReference = 4FDA64EA25810A4E009528F2 /* TSCoreKitUITSCoreKits.xctest */;
			productType = "com.apple.product-type.bundle.ui-testing";
		};
/* End PBXNativeTarget section */

/* Begin PBXProject section */
		4FDA64C125810A45009528F2 /* Project object */ = {
			isa = PBXProject;
			attributes = {
				LastSwiftUpdateCheck = 1220;
				LastUpgradeCheck = 1220;
				TargetAttributes = {
					4FDA64C825810A45009528F2 = {
						CreatedOnToolsVersion = 12.2;
					};
					4FDA64DE25810A4E009528F2 = {
						CreatedOnToolsVersion = 12.2;
						TestTargetID = 4FDA64C825810A45009528F2;
					};
					4FDA64E925810A4E009528F2 = {
						CreatedOnToolsVersion = 12.2;
						TestTargetID = 4FDA64C825810A45009528F2;
					};
				};
			};
			buildConfigurationList = 4FDA64C425810A45009528F2 /* Build configuration list for PBXProject "TSCoreKit" */;
			compatibilityVersion = "Xcode 9.3";
			developmentRegion = en;
			hasScannedForEncodings = 0;
			knownRegions = (
				en,
				Base,
			);
			mainGroup = 4FDA64C025810A45009528F2;
			productRefGroup = 4FDA64CA25810A45009528F2 /* Products */;
			projectDirPath = "";
			projectRoot = "";
			targets = (
				4FDA64C825810A45009528F2 /* TSCoreKit */,
				4FDA64DE25810A4E009528F2 /* TSCoreKitTSCoreKits */,
				4FDA64E925810A4E009528F2 /* TSCoreKitUITSCoreKits */,
			);
		};
/* End PBXProject section */

/* Begin PBXResourcesBuildPhase section */
		4FDA64C725810A45009528F2 /* Resources */ = {
			isa = PBXResourcesBuildPhase;
			buildActionMask = 2147483647;
			files = (
				4FDA64D925810A4E009528F2 /* LaunchScreen.storyboard in Resources */,
				4FDA64D625810A4E009528F2 /* Assets.xcassets in Resources */,
				4FDA64D425810A45009528F2 /* Main.storyboard in Resources */,
			);
			runOnlyForDeploymentPostprocessing = 0;
		};
		4FDA64DD25810A4E009528F2 /* Resources */ = {
			isa = PBXResourcesBuildPhase;
			buildActionMask = 2147483647;
			files = (
			);
			runOnlyForDeploymentPostprocessing = 0;
		};
		4FDA64E825810A4E009528F2 /* Resources */ = {
			isa = PBXResourcesBuildPhase;
			buildActionMask = 2147483647;
			files = (
			);
			runOnlyForDeploymentPostprocessing = 0;
		};
/* End PBXResourcesBuildPhase section */

/* Begin PBXSourcesBuildPhase section */
		4FDA64C525810A45009528F2 /* Sources */ = {
			isa = PBXSourcesBuildPhase;
			buildActionMask = 2147483647;
			files = (
				4FDA64D125810A45009528F2 /* ViewController.swift in Sources */,
				4FDA64CD25810A45009528F2 /* AppDelegate.swift in Sources */,
				4FDA64CF25810A45009528F2 /* SceneDelegate.swift in Sources */,
			);
			runOnlyForDeploymentPostprocessing = 0;
		};
		4FDA64DB25810A4E009528F2 /* Sources */ = {
			isa = PBXSourcesBuildPhase;
			buildActionMask = 2147483647;
			files = (
				4FDA64E425810A4E009528F2 /* TestTests.swift in Sources */,
			);
			runOnlyForDeploymentPostprocessing = 0;
		};
		4FDA64E625810A4E009528F2 /* Sources */ = {
			isa = PBXSourcesBuildPhase;
			buildActionMask = 2147483647;
			files = (
				4FDA64EF25810A4E009528F2 /* TestUITests.swift in Sources */,
			);
			runOnlyForDeploymentPostprocessing = 0;
		};
/* End PBXSourcesBuildPhase section */

/* Begin PBXTargetDependency section */
		4FDA64E125810A4E009528F2 /* PBXTargetDependency */ = {
			isa = PBXTargetDependency;
			target = 4FDA64C825810A45009528F2 /* TSCoreKit */;
			targetProxy = 4FDA64E025810A4E009528F2 /* PBXContainerItemProxy */;
		};
		4FDA64EC25810A4E009528F2 /* PBXTargetDependency */ = {
			isa = PBXTargetDependency;
			target = 4FDA64C825810A45009528F2 /* TSCoreKit */;
			targetProxy = 4FDA64EB25810A4E009528F2 /* PBXContainerItemProxy */;
		};
/* End PBXTargetDependency section */

/* Begin PBXVariantGroup section */
		4FDA64D225810A45009528F2 /* Main.storyboard */ = {
			isa = PBXVariantGroup;
			children = (
				4FDA64D325810A45009528F2 /* Base */,
			);
			name = Main.storyboard;
			sourceTree = "<group>";
		};
		4FDA64D725810A4E009528F2 /* LaunchScreen.storyboard */ = {
			isa = PBXVariantGroup;
			children = (
				4FDA64D825810A4E009528F2 /* Base */,
			);
			name = LaunchScreen.storyboard;
			sourceTree = "<group>";
		};
/* End PBXVariantGroup section */

/* Begin XCBuildConfiguration section */
		4FDA64F125810A4E009528F2 /* Debug */ = {
			isa = XCBuildConfiguration;
			buildSettings = {
				ALWAYS_SEARCH_USER_PATHS = NO;
				CLANG_ANALYZER_NONNULL = YES;
				CLANG_ANALYZER_NUMBER_OBJECT_CONVERSION = YES_AGGRESSIVE;
				CLANG_CXX_LANGUAGE_STANDARD = "gnu++14";
				CLANG_CXX_LIBRARY = "libc++";
				CLANG_ENABLE_MODULES = YES;
				CLANG_ENABLE_OBJC_ARC = YES;
				CLANG_ENABLE_OBJC_WEAK = YES;
				CLANG_WARN_BLOCK_CAPTURE_AUTORELEASING = YES;
				CLANG_WARN_BOOL_CONVERSION = YES;
				CLANG_WARN_COMMA = YES;
				CLANG_WARN_CONSTANT_CONVERSION = YES;
				CLANG_WARN_DEPRECATED_OBJC_IMPLEMENTATIONS = YES;
				CLANG_WARN_DIRECT_OBJC_ISA_USAGE = YES_ERROR;
				CLANG_WARN_DOCUMENTATION_COMMENTS = YES;
				CLANG_WARN_EMPTY_BODY = YES;
				CLANG_WARN_ENUM_CONVERSION = YES;
				CLANG_WARN_INFINITE_RECURSION = YES;
				CLANG_WARN_INT_CONVERSION = YES;
				CLANG_WARN_NON_LITERAL_NULL_CONVERSION = YES;
				CLANG_WARN_OBJC_IMPLICIT_RETAIN_SELF = YES;
				CLANG_WARN_OBJC_LITERAL_CONVERSION = YES;
				CLANG_WARN_OBJC_ROOT_CLASS = YES_ERROR;
				CLANG_WARN_QUOTED_INCLUDE_IN_FRAMEWORK_HEADER = YES;
				CLANG_WARN_RANGE_LOOP_ANALYSIS = YES;
				CLANG_WARN_STRICT_PROTOTYPES = YES;
				CLANG_WARN_SUSPICIOUS_MOVE = YES;
				CLANG_WARN_UNGUARDED_AVAILABILITY = YES_AGGRESSIVE;
				CLANG_WARN_UNREACHABLE_CODE = YES;
				CLANG_WARN__DUPLICATE_METHOD_MATCH = YES;
				COPY_PHASE_STRIP = NO;
				DEBUG_INFORMATION_FORMAT = dwarf;
				ENABLE_STRICT_OBJC_MSGSEND = YES;
				ENABLE_TESTABILITY = YES;
				GCC_C_LANGUAGE_STANDARD = gnu11;
				GCC_DYNAMIC_NO_PIC = NO;
				GCC_NO_COMMON_BLOCKS = YES;
				GCC_OPTIMIZATION_LEVEL = 0;
				GCC_PREPROCESSOR_DEFINITIONS = (
					"DEBUG=1",
					"$(inherited)",
				);
				GCC_WARN_64_TO_32_BIT_CONVERSION = YES;
				GCC_WARN_ABOUT_RETURN_TYPE = YES_ERROR;
				GCC_WARN_UNDECLARED_SELECTOR = YES;
				GCC_WARN_UNINITIALIZED_AUTOS = YES_AGGRESSIVE;
				GCC_WARN_UNUSED_FUNCTION = YES;
				GCC_WARN_UNUSED_VARIABLE = YES;
				IPHONEOS_DEPLOYMENT_TARGET = 14.2;
				MTL_ENABLE_DEBUG_INFO = INCLUDE_SOURCE;
				MTL_FAST_MATH = YES;
				ONLY_ACTIVE_ARCH = YES;
				SDKROOT = iphoneos;
				SWIFT_ACTIVE_COMPILATION_CONDITIONS = DEBUG;
				SWIFT_OPTIMIZATION_LEVEL = "-Onone";
			};
			name = Debug;
		};
		4FDA64F225810A4E009528F2 /* Release */ = {
			isa = XCBuildConfiguration;
			buildSettings = {
				ALWAYS_SEARCH_USER_PATHS = NO;
				CLANG_ANALYZER_NONNULL = YES;
				CLANG_ANALYZER_NUMBER_OBJECT_CONVERSION = YES_AGGRESSIVE;
				CLANG_CXX_LANGUAGE_STANDARD = "gnu++14";
				CLANG_CXX_LIBRARY = "libc++";
				CLANG_ENABLE_MODULES = YES;
				CLANG_ENABLE_OBJC_ARC = YES;
				CLANG_ENABLE_OBJC_WEAK = YES;
				CLANG_WARN_BLOCK_CAPTURE_AUTORELEASING = YES;
				CLANG_WARN_BOOL_CONVERSION = YES;
				CLANG_WARN_COMMA = YES;
				CLANG_WARN_CONSTANT_CONVERSION = YES;
				CLANG_WARN_DEPRECATED_OBJC_IMPLEMENTATIONS = YES;
				CLANG_WARN_DIRECT_OBJC_ISA_USAGE = YES_ERROR;
				CLANG_WARN_DOCUMENTATION_COMMENTS = YES;
				CLANG_WARN_EMPTY_BODY = YES;
				CLANG_WARN_ENUM_CONVERSION = YES;
				CLANG_WARN_INFINITE_RECURSION = YES;
				CLANG_WARN_INT_CONVERSION = YES;
				CLANG_WARN_NON_LITERAL_NULL_CONVERSION = YES;
				CLANG_WARN_OBJC_IMPLICIT_RETAIN_SELF = YES;
				CLANG_WARN_OBJC_LITERAL_CONVERSION = YES;
				CLANG_WARN_OBJC_ROOT_CLASS = YES_ERROR;
				CLANG_WARN_QUOTED_INCLUDE_IN_FRAMEWORK_HEADER = YES;
				CLANG_WARN_RANGE_LOOP_ANALYSIS = YES;
				CLANG_WARN_STRICT_PROTOTYPES = YES;
				CLANG_WARN_SUSPICIOUS_MOVE = YES;
				CLANG_WARN_UNGUARDED_AVAILABILITY = YES_AGGRESSIVE;
				CLANG_WARN_UNREACHABLE_CODE = YES;
				CLANG_WARN__DUPLICATE_METHOD_MATCH = YES;
				COPY_PHASE_STRIP = NO;
				DEBUG_INFORMATION_FORMAT = "dwarf-with-dsym";
				ENABLE_NS_ASSERTIONS = NO;
				ENABLE_STRICT_OBJC_MSGSEND = YES;
				GCC_C_LANGUAGE_STANDARD = gnu11;
				GCC_NO_COMMON_BLOCKS = YES;
				GCC_WARN_64_TO_32_BIT_CONVERSION = YES;
				GCC_WARN_ABOUT_RETURN_TYPE = YES_ERROR;
				GCC_WARN_UNDECLARED_SELECTOR = YES;
				GCC_WARN_UNINITIALIZED_AUTOS = YES_AGGRESSIVE;
				GCC_WARN_UNUSED_FUNCTION = YES;
				GCC_WARN_UNUSED_VARIABLE = YES;
				IPHONEOS_DEPLOYMENT_TARGET = 14.2;
				MTL_ENABLE_DEBUG_INFO = NO;
				MTL_FAST_MATH = YES;
				SDKROOT = iphoneos;
				SWIFT_COMPILATION_MODE = wholemodule;
				SWIFT_OPTIMIZATION_LEVEL = "-O";
				VALIDATE_PRODUCT = YES;
			};
			name = Release;
		};
		4FDA64F425810A4E009528F2 /* Debug */ = {
			isa = XCBuildConfiguration;
			buildSettings = {
				ASSETCATALOG_COMPILER_APPICON_NAME = AppIcon;
				ASSETCATALOG_COMPILER_GLOBAL_ACCENT_COLOR_NAME = AccentColor;
				CODE_SIGN_STYLE = Automatic;
				INFOPLIST_FILE = Test/Info.plist;
				LD_RUNPATH_SEARCH_PATHS = (
					"$(inherited)",
					"@executable_path/Frameworks",
				);
				PRODUCT_BUNDLE_IDENTIFIER = com.test.Test;
				PRODUCT_NAME = "$(TARGET_NAME)";
				SWIFT_VERSION = 5.0;
				TARGETED_DEVICE_FAMILY = "1,2";
				VERSIONING_SYSTEM = "apple-generic";
			};
			name = Debug;
		};
		4FDA64F525810A4E009528F2 /* Release */ = {
			isa = XCBuildConfiguration;
			buildSettings = {
				ASSETCATALOG_COMPILER_APPICON_NAME = AppIcon;
				ASSETCATALOG_COMPILER_GLOBAL_ACCENT_COLOR_NAME = AccentColor;
				CODE_SIGN_STYLE = Automatic;
				INFOPLIST_FILE = Test/Info.plist;
				LD_RUNPATH_SEARCH_PATHS = (
					"$(inherited)",
					"@executable_path/Frameworks",
				);
				PRODUCT_BUNDLE_IDENTIFIER = com.test.Test;
				PRODUCT_NAME = "$(TARGET_NAME)";
				SWIFT_VERSION = 5.0;
				TARGETED_DEVICE_FAMILY = "1,2";
				VERSIONING_SYSTEM = "apple-generic";
			};
			name = Release;
		};
		4FDA64F725810A4E009528F2 /* Debug */ = {
			isa = XCBuildConfiguration;
			buildSettings = {
				ALWAYS_EMBED_SWIFT_STANDARD_LIBRARIES = YES;
				BUNDLE_LOADER = "$(TEST_HOST)";
				CODE_SIGN_STYLE = Automatic;
				INFOPLIST_FILE = TestTests/Info.plist;
				IPHONEOS_DEPLOYMENT_TARGET = 14.2;
				LD_RUNPATH_SEARCH_PATHS = (
					"$(inherited)",
					"@executable_path/Frameworks",
					"@loader_path/Frameworks",
				);
				PRODUCT_BUNDLE_IDENTIFIER = com.test.TestTests;
				PRODUCT_NAME = "$(TARGET_NAME)";
				SWIFT_VERSION = 5.0;
				TARGETED_DEVICE_FAMILY = "1,2";
				TEST_HOST = "$(BUILT_PRODUCTS_DIR)/TSCoreKit.app/TSCoreKit";
			};
			name = Debug;
		};
		4FDA64F825810A4E009528F2 /* Release */ = {
			isa = XCBuildConfiguration;
			buildSettings = {
				ALWAYS_EMBED_SWIFT_STANDARD_LIBRARIES = YES;
				BUNDLE_LOADER = "$(TEST_HOST)";
				CODE_SIGN_STYLE = Automatic;
				INFOPLIST_FILE = TestTests/Info.plist;
				IPHONEOS_DEPLOYMENT_TARGET = 14.2;
				LD_RUNPATH_SEARCH_PATHS = (
					"$(inherited)",
					"@executable_path/Frameworks",
					"@loader_path/Frameworks",
				);
				PRODUCT_BUNDLE_IDENTIFIER = com.test.TestTests;
				PRODUCT_NAME = "$(TARGET_NAME)";
				SWIFT_VERSION = 5.0;
				TARGETED_DEVICE_FAMILY = "1,2";
				TEST_HOST = "$(BUILT_PRODUCTS_DIR)/TSCoreKit.app/TSCoreKit";
			};
			name = Release;
		};
		4FDA64FA25810A4E009528F2 /* Debug */ = {
			isa = XCBuildConfiguration;
			buildSettings = {
				ALWAYS_EMBED_SWIFT_STANDARD_LIBRARIES = YES;
				CODE_SIGN_STYLE = Automatic;
				INFOPLIST_FILE = TestUITests/Info.plist;
				LD_RUNPATH_SEARCH_PATHS = (
					"$(inherited)",
					"@executable_path/Frameworks",
					"@loader_path/Frameworks",
				);
				PRODUCT_BUNDLE_IDENTIFIER = com.test.TestUITests;
				PRODUCT_NAME = "$(TARGET_NAME)";
				SWIFT_VERSION = 5.0;
				TARGETED_DEVICE_FAMILY = "1,2";
				TEST_TARGET_NAME = Test;
			};
			name = Debug;
		};
		4FDA64FB25810A4E009528F2 /* Release */ = {
			isa = XCBuildConfiguration;
			buildSettings = {
				ALWAYS_EMBED_SWIFT_STANDARD_LIBRARIES = YES;
				CODE_SIGN_STYLE = Automatic;
				INFOPLIST_FILE = TestUITests/Info.plist;
				LD_RUNPATH_SEARCH_PATHS = (
					"$(inherited)",
					"@executable_path/Frameworks",
					"@loader_path/Frameworks",
				);
				PRODUCT_BUNDLE_IDENTIFIER = com.test.TestUITests;
				PRODUCT_NAME = "$(TARGET_NAME)";
				SWIFT_VERSION = 5.0;
				TARGETED_DEVICE_FAMILY = "1,2";
				TEST_TARGET_NAME = Test;
			};
			name = Release;
		};
/* End XCBuildConfiguration section */

/* Begin XCConfigurationList section */
		4FDA64C425810A45009528F2 /* Build configuration list for PBXProject "TSCoreKit" */ = {
			isa = XCConfigurationList;
			buildConfigurations = (
				4FDA64F125810A4E009528F2 /* Debug */,
				4FDA64F225810A4E009528F2 /* Release */,
			);
			defaultConfigurationIsVisible = 0;
			defaultConfigurationName = Release;
		};
		4FDA64F325810A4E009528F2 /* Build configuration list for PBXNativeTarget "TSCoreKit" */ = {
			isa = XCConfigurationList;
			buildConfigurations = (
				4FDA64F425810A4E009528F2 /* Debug */,
				4FDA64F525810A4E009528F2 /* Release */,
			);
			defaultConfigurationIsVisible = 0;
			defaultConfigurationName = Release;
		};
		4FDA64F625810A4E009528F2 /* Build configuration list for PBXNativeTarget "TSCoreKitTSCoreKits" */ = {
			isa = XCConfigurationList;
			buildConfigurations = (
				4FDA64F725810A4E009528F2 /* Debug */,
				4FDA64F825810A4E009528F2 /* Release */,
			);
			defaultConfigurationIsVisible = 0;
			defaultConfigurationName = Release;
		};
		4FDA64F925810A4E009528F2 /* Build configuration list for PBXNativeTarget "TSCoreKitUITSCoreKits" */ = {
			isa = XCConfigurationList;
			buildConfigurations = (
				4FDA64FA25810A4E009528F2 /* Debug */,
				4FDA64FB25810A4E009528F2 /* Release */,
			);
			defaultConfigurationIsVisible = 0;
			defaultConfigurationName = Release;
		};
/* End XCConfigurationList section */
	};
	rootObject = 4FDA64C125810A45009528F2 /* Project object */;
}
